
Microsoft Visual Studio Solution File, Format Version 12.00
# Visual Studio Version 17
VisualStudioVersion = 17.0.31903.59
MinimumVisualStudioVersion = 10.0.40219.1
Project("{2150E333-8FDC-42A3-9474-1A3956D46DE8}") = "src", "src", "{827E0CD3-B72D-47B6-A68D-7590B98EB39B}"
EndProject
Project("{FAE04EC0-301F-11D3-BF4B-00C04F79EFBC}") = "Cress.Core", "src\Cress.Core\Cress.Core.csproj", "{F269C223-32CD-4EF3-AAAB-CEA76003A12A}"
EndProject
Project("{FAE04EC0-301F-11D3-BF4B-00C04F79EFBC}") = "Cress.ProjectSystem", "src\Cress.ProjectSystem\Cress.ProjectSystem.csproj", "{D39734A6-6B33-415A-A26B-9F6AF531C67F}"
EndProject
Project("{FAE04EC0-301F-11D3-BF4B-00C04F79EFBC}") = "Cress.Specs", "src\Cress.Specs\Cress.Specs.csproj", "{A70C9775-2B02-4865-A2C5-47027B90ECB1}"
EndProject
Project("{FAE04EC0-301F-11D3-BF4B-00C04F79EFBC}") = "Cress.Validation", "src\Cress.Validation\Cress.Validation.csproj", "{6B67A0B0-9328-4D2F-B707-F2B4E3BAD9F3}"
EndProject
Project("{FAE04EC0-301F-11D3-BF4B-00C04F79EFBC}") = "Cress.Cli", "src\Cress.Cli\Cress.Cli.csproj", "{2EEDF0CC-53E5-4D9A-9A9F-4EDD2C504E33}"
EndProject
Project("{2150E333-8FDC-42A3-9474-1A3956D46DE8}") = "tests", "tests", "{0AB3BF05-4346-4AA6-1389-037BE0695223}"
EndProject
Project("{FAE04EC0-301F-11D3-BF4B-00C04F79EFBC}") = "Cress.UnitTests", "tests\Cress.UnitTests\Cress.UnitTests.csproj", "{47158FAD-28B5-48EF-988C-8BE90250133E}"
EndProject
Project("{FAE04EC0-301F-11D3-BF4B-00C04F79EFBC}") = "Cress.Execution", "src\Cress.Execution\Cress.Execution.csproj", "{E14AF7D1-82DA-436B-9A20-D1785E9357B2}"
EndProject
Project("{FAE04EC0-301F-11D3-BF4B-00C04F79EFBC}") = "Cress.Sdk", "src\Cress.Sdk\Cress.Sdk.csproj", "{EDBD78CA-05B9-4949-AB3E-6817DAA3D38F}"
EndProject
Project("{FAE04EC0-301F-11D3-BF4B-00C04F79EFBC}") = "Cress.Flawright.TestApp", "tests\Cress.Flawright.TestApp\Cress.Flawright.TestApp.csproj", "{C24BA72B-BE4B-4334-AFCD-2E526B78617B}"
EndProject
Project("{FAE04EC0-301F-11D3-BF4B-00C04F79EFBC}") = "Cress.Studio.Core", "src\Cress.Studio.Core\Cress.Studio.Core.csproj", "{18BED514-FD71-45BA-B4F7-F5B4FEEF516D}"
EndProject
Project("{FAE04EC0-301F-11D3-BF4B-00C04F79EFBC}") = "Cress.Studio.Web", "src\Cress.Studio.Web\Cress.Studio.Web.csproj", "{EFCB22D1-C8FD-40CD-9780-6A3BB34AB195}"
EndProject
Project("{FAE04EC0-301F-11D3-BF4B-00C04F79EFBC}") = "Cress.Studio.Web.Tests", "tests\Cress.Studio.Web.Tests\Cress.Studio.Web.Tests.csproj", "{483C76F4-C38C-4F34-AB2C-9536D8759E6B}"
EndProject
Project("{FAE04EC0-301F-11D3-BF4B-00C04F79EFBC}") = "Cress.Recorder", "src\Cress.Recorder\Cress.Recorder.csproj", "{EA18A069-1C3E-4E22-97C2-C3800E9288F5}"
EndProject
Project("{FAE04EC0-301F-11D3-BF4B-00C04F79EFBC}") = "Cress.Recorder.PoC", "src\Cress.Recorder.PoC\Cress.Recorder.PoC.csproj", "{C4D8AB49-150B-4666-AD89-D5E3C7BE74F3}"
EndProject
Project("{FAE04EC0-301F-11D3-BF4B-00C04F79EFBC}") = "Cress.Recorder.Tests", "tests\Cress.Recorder.Tests\Cress.Recorder.Tests.csproj", "{F85D9C18-CF13-47D8-A2B4-01F57A976A5A}"
EndProject
Project("{FAE04EC0-301F-11D3-BF4B-00C04F79EFBC}") = "Cress.Gherkin", "src\Cress.Gherkin\Cress.Gherkin.csproj", "{41C678CF-9B93-49E4-8921-E922115FC9A5}"
EndProject
Project("{FAE04EC0-301F-11D3-BF4B-00C04F79EFBC}") = "Cress.Gherkin.Tests", "tests\Cress.Gherkin.Tests\Cress.Gherkin.Tests.csproj", "{D1F2AEF3-BB73-425C-8BAB-9838A518AD63}"
EndProject
Project("{FAE04EC0-301F-11D3-BF4B-00C04F79EFBC}") = "Cress.Importers", "src\Cress.Importers\Cress.Importers.csproj", "{B3A5C1D2-E7F8-4091-B6C3-D2E9F0A1B4C5}"
EndProject
Project("{FAE04EC0-301F-11D3-BF4B-00C04F79EFBC}") = "Cress.Importers.Tests", "tests\Cress.Importers.Tests\Cress.Importers.Tests.csproj", "{A1B2C3D4-E5F6-4789-A0B1-C2D3E4F5A6B7}"
EndProject
Project("{FAE04EC0-301F-11D3-BF4B-00C04F79EFBC}") = "Cress.LivingDocs", "src\Cress.LivingDocs\Cress.LivingDocs.csproj", "{0D42B602-AC68-4913-821B-5AD92E250865}"
EndProject
Project("{FAE04EC0-301F-11D3-BF4B-00C04F79EFBC}") = "Cress.LivingDocs.Tests", "tests\Cress.LivingDocs.Tests\Cress.LivingDocs.Tests.csproj", "{715EF3D8-377E-4F32-B900-AF989234C278}"
EndProject
Project("{FAE04EC0-301F-11D3-BF4B-00C04F79EFBC}") = "Cress.Exporters", "src\Cress.Exporters\Cress.Exporters.csproj", "{C5D6E7F8-A9B0-4C1D-8E2F-3A4B5C6D7E8F}"
EndProject
Project("{FAE04EC0-301F-11D3-BF4B-00C04F79EFBC}") = "Cress.Exporters.Tests", "tests\Cress.Exporters.Tests\Cress.Exporters.Tests.csproj", "{D7E8F9A0-B1C2-4D3E-9F4A-5B6C7D8E9F0A}"
EndProject
Project("{FAE04EC0-301F-11D3-BF4B-00C04F79EFBC}") = "Cress.AppHost", "src\Cress.AppHost\Cress.AppHost.csproj", "{E9CAB21C-F7F9-427A-AC30-7827CB26BD79}"
EndProject
Project("{FAE04EC0-301F-11D3-BF4B-00C04F79EFBC}") = "Cress.ServiceDefaults", "src\Cress.ServiceDefaults\Cress.ServiceDefaults.csproj", "{91F228FC-E648-4C1E-B0CF-B34B8DDA35E0}"
EndProject
Project("{FAE04EC0-301F-11D3-BF4B-00C04F79EFBC}") = "Cress.Testing", "src\Cress.Testing\Cress.Testing.csproj", "{699D7FA7-9661-487C-9F05-4D8AEBAD4FFD}"
EndProject
Project("{FAE04EC0-301F-11D3-BF4B-00C04F79EFBC}") = "Cress.Execution.Flawright", "src\Cress.Execution.Flawright\Cress.Execution.Flawright.csproj", "{0B30BE3E-D56B-4566-850E-1777D2200575}"
EndProject
Project("{FAE04EC0-301F-11D3-BF4B-00C04F79EFBC}") = "Cress.AppHost.Tests", "tests\Cress.AppHost.Tests\Cress.AppHost.Tests.csproj", "{3A538314-E84C-4A14-BB2C-77C29A18B7DF}"
EndProject
Project("{FAE04EC0-301F-11D3-BF4B-00C04F79EFBC}") = "Cress.Companion.Core", "src\Cress.Companion.Core\Cress.Companion.Core.csproj", "{059A1125-4207-44E6-817F-26FD7606A92B}"
EndProject
Project("{FAE04EC0-301F-11D3-BF4B-00C04F79EFBC}") = "Cress.Companion.Windows", "src\Cress.Companion.Windows\Cress.Companion.Windows.csproj", "{53A393D9-1443-42AB-B320-D03717900835}"
EndProject
Project("{FAE04EC0-301F-11D3-BF4B-00C04F79EFBC}") = "Cress.Companion.Core.Tests", "tests\Cress.Companion.Core.Tests\Cress.Companion.Core.Tests.csproj", "{E1774034-A7C2-4C36-908B-53A7E9552A4B}"
EndProject
Project("{FAE04EC0-301F-11D3-BF4B-00C04F79EFBC}") = "Cress.Studio.Launcher", "src\Cress.Studio.Launcher\Cress.Studio.Launcher.csproj", "{850ACC4A-D729-45FA-8A22-18850F574FAC}"
EndProject
Project("{FAE04EC0-301F-11D3-BF4B-00C04F79EFBC}") = "Cress.Studio.Windows", "src\Cress.Studio.Windows\Cress.Studio.Windows.csproj", "{4D61BD9E-BED6-4801-A31C-984837B04B09}"
EndProject
Project("{FAE04EC0-301F-11D3-BF4B-00C04F79EFBC}") = "Cress.Studio.Tool", "src\Cress.Studio.Tool\Cress.Studio.Tool.csproj", "{2BAD458E-43AE-4FCE-BE5B-EA2F2EC14574}"
EndProject
Global
	GlobalSection(SolutionConfigurationPlatforms) = preSolution
		Debug|Any CPU = Debug|Any CPU
		Debug|x64 = Debug|x64
		Debug|x86 = Debug|x86
		Release|Any CPU = Release|Any CPU
		Release|x64 = Release|x64
		Release|x86 = Release|x86
	EndGlobalSection
	GlobalSection(ProjectConfigurationPlatforms) = postSolution
		{F269C223-32CD-4EF3-AAAB-CEA76003A12A}.Debug|Any CPU.ActiveCfg = Debug|Any CPU
		{F269C223-32CD-4EF3-AAAB-CEA76003A12A}.Debug|Any CPU.Build.0 = Debug|Any CPU
		{F269C223-32CD-4EF3-AAAB-CEA76003A12A}.Debug|x64.ActiveCfg = Debug|Any CPU
		{F269C223-32CD-4EF3-AAAB-CEA76003A12A}.Debug|x64.Build.0 = Debug|Any CPU
		{F269C223-32CD-4EF3-AAAB-CEA76003A12A}.Debug|x86.ActiveCfg = Debug|Any CPU
		{F269C223-32CD-4EF3-AAAB-CEA76003A12A}.Debug|x86.Build.0 = Debug|Any CPU
		{F269C223-32CD-4EF3-AAAB-CEA76003A12A}.Release|Any CPU.ActiveCfg = Release|Any CPU
		{F269C223-32CD-4EF3-AAAB-CEA76003A12A}.Release|Any CPU.Build.0 = Release|Any CPU
		{F269C223-32CD-4EF3-AAAB-CEA76003A12A}.Release|x64.ActiveCfg = Release|Any CPU
		{F269C223-32CD-4EF3-AAAB-CEA76003A12A}.Release|x64.Build.0 = Release|Any CPU
		{F269C223-32CD-4EF3-AAAB-CEA76003A12A}.Release|x86.ActiveCfg = Release|Any CPU
		{F269C223-32CD-4EF3-AAAB-CEA76003A12A}.Release|x86.Build.0 = Release|Any CPU
		{D39734A6-6B33-415A-A26B-9F6AF531C67F}.Debug|Any CPU.ActiveCfg = Debug|Any CPU
		{D39734A6-6B33-415A-A26B-9F6AF531C67F}.Debug|Any CPU.Build.0 = Debug|Any CPU
		{D39734A6-6B33-415A-A26B-9F6AF531C67F}.Debug|x64.ActiveCfg = Debug|Any CPU
		{D39734A6-6B33-415A-A26B-9F6AF531C67F}.Debug|x64.Build.0 = Debug|Any CPU
		{D39734A6-6B33-415A-A26B-9F6AF531C67F}.Debug|x86.ActiveCfg = Debug|Any CPU
		{D39734A6-6B33-415A-A26B-9F6AF531C67F}.Debug|x86.Build.0 = Debug|Any CPU
		{D39734A6-6B33-415A-A26B-9F6AF531C67F}.Release|Any CPU.ActiveCfg = Release|Any CPU
		{D39734A6-6B33-415A-A26B-9F6AF531C67F}.Release|Any CPU.Build.0 = Release|Any CPU
		{D39734A6-6B33-415A-A26B-9F6AF531C67F}.Release|x64.ActiveCfg = Release|Any CPU
		{D39734A6-6B33-415A-A26B-9F6AF531C67F}.Release|x64.Build.0 = Release|Any CPU
		{D39734A6-6B33-415A-A26B-9F6AF531C67F}.Release|x86.ActiveCfg = Release|Any CPU
		{D39734A6-6B33-415A-A26B-9F6AF531C67F}.Release|x86.Build.0 = Release|Any CPU
		{A70C9775-2B02-4865-A2C5-47027B90ECB1}.Debug|Any CPU.ActiveCfg = Debug|Any CPU
		{A70C9775-2B02-4865-A2C5-47027B90ECB1}.Debug|Any CPU.Build.0 = Debug|Any CPU
		{A70C9775-2B02-4865-A2C5-47027B90ECB1}.Debug|x64.ActiveCfg = Debug|Any CPU
		{A70C9775-2B02-4865-A2C5-47027B90ECB1}.Debug|x64.Build.0 = Debug|Any CPU
		{A70C9775-2B02-4865-A2C5-47027B90ECB1}.Debug|x86.ActiveCfg = Debug|Any CPU
		{A70C9775-2B02-4865-A2C5-47027B90ECB1}.Debug|x86.Build.0 = Debug|Any CPU
		{A70C9775-2B02-4865-A2C5-47027B90ECB1}.Release|Any CPU.ActiveCfg = Release|Any CPU
		{A70C9775-2B02-4865-A2C5-47027B90ECB1}.Release|Any CPU.Build.0 = Release|Any CPU
		{A70C9775-2B02-4865-A2C5-47027B90ECB1}.Release|x64.ActiveCfg = Release|Any CPU
		{A70C9775-2B02-4865-A2C5-47027B90ECB1}.Release|x64.Build.0 = Release|Any CPU
		{A70C9775-2B02-4865-A2C5-47027B90ECB1}.Release|x86.ActiveCfg = Release|Any CPU
		{A70C9775-2B02-4865-A2C5-47027B90ECB1}.Release|x86.Build.0 = Release|Any CPU
		{6B67A0B0-9328-4D2F-B707-F2B4E3BAD9F3}.Debug|Any CPU.ActiveCfg = Debug|Any CPU
		{6B67A0B0-9328-4D2F-B707-F2B4E3BAD9F3}.Debug|Any CPU.Build.0 = Debug|Any CPU
		{6B67A0B0-9328-4D2F-B707-F2B4E3BAD9F3}.Debug|x64.ActiveCfg = Debug|Any CPU
		{6B67A0B0-9328-4D2F-B707-F2B4E3BAD9F3}.Debug|x64.Build.0 = Debug|Any CPU
		{6B67A0B0-9328-4D2F-B707-F2B4E3BAD9F3}.Debug|x86.ActiveCfg = Debug|Any CPU
		{6B67A0B0-9328-4D2F-B707-F2B4E3BAD9F3}.Debug|x86.Build.0 = Debug|Any CPU
		{6B67A0B0-9328-4D2F-B707-F2B4E3BAD9F3}.Release|Any CPU.ActiveCfg = Release|Any CPU
		{6B67A0B0-9328-4D2F-B707-F2B4E3BAD9F3}.Release|Any CPU.Build.0 = Release|Any CPU
		{6B67A0B0-9328-4D2F-B707-F2B4E3BAD9F3}.Release|x64.ActiveCfg = Release|Any CPU
		{6B67A0B0-9328-4D2F-B707-F2B4E3BAD9F3}.Release|x64.Build.0 = Release|Any CPU
		{6B67A0B0-9328-4D2F-B707-F2B4E3BAD9F3}.Release|x86.ActiveCfg = Release|Any CPU
		{6B67A0B0-9328-4D2F-B707-F2B4E3BAD9F3}.Release|x86.Build.0 = Release|Any CPU
		{2EEDF0CC-53E5-4D9A-9A9F-4EDD2C504E33}.Debug|Any CPU.ActiveCfg = Debug|Any CPU
		{2EEDF0CC-53E5-4D9A-9A9F-4EDD2C504E33}.Debug|Any CPU.Build.0 = Debug|Any CPU
		{2EEDF0CC-53E5-4D9A-9A9F-4EDD2C504E33}.Debug|x64.ActiveCfg = Debug|Any CPU
		{2EEDF0CC-53E5-4D9A-9A9F-4EDD2C504E33}.Debug|x64.Build.0 = Debug|Any CPU
		{2EEDF0CC-53E5-4D9A-9A9F-4EDD2C504E33}.Debug|x86.ActiveCfg = Debug|Any CPU
		{2EEDF0CC-53E5-4D9A-9A9F-4EDD2C504E33}.Debug|x86.Build.0 = Debug|Any CPU
		{2EEDF0CC-53E5-4D9A-9A9F-4EDD2C504E33}.Release|Any CPU.ActiveCfg = Release|Any CPU
		{2EEDF0CC-53E5-4D9A-9A9F-4EDD2C504E33}.Release|Any CPU.Build.0 = Release|Any CPU
		{2EEDF0CC-53E5-4D9A-9A9F-4EDD2C504E33}.Release|x64.ActiveCfg = Release|Any CPU
		{2EEDF0CC-53E5-4D9A-9A9F-4EDD2C504E33}.Release|x64.Build.0 = Release|Any CPU
		{2EEDF0CC-53E5-4D9A-9A9F-4EDD2C504E33}.Release|x86.ActiveCfg = Release|Any CPU
		{2EEDF0CC-53E5-4D9A-9A9F-4EDD2C504E33}.Release|x86.Build.0 = Release|Any CPU
		{47158FAD-28B5-48EF-988C-8BE90250133E}.Debug|Any CPU.ActiveCfg = Debug|Any CPU
		{47158FAD-28B5-48EF-988C-8BE90250133E}.Debug|Any CPU.Build.0 = Debug|Any CPU
		{47158FAD-28B5-48EF-988C-8BE90250133E}.Debug|x64.ActiveCfg = Debug|Any CPU
		{47158FAD-28B5-48EF-988C-8BE90250133E}.Debug|x64.Build.0 = Debug|Any CPU
		{47158FAD-28B5-48EF-988C-8BE90250133E}.Debug|x86.ActiveCfg = Debug|Any CPU
		{47158FAD-28B5-48EF-988C-8BE90250133E}.Debug|x86.Build.0 = Debug|Any CPU
		{47158FAD-28B5-48EF-988C-8BE90250133E}.Release|Any CPU.ActiveCfg = Release|Any CPU
		{47158FAD-28B5-48EF-988C-8BE90250133E}.Release|Any CPU.Build.0 = Release|Any CPU
		{47158FAD-28B5-48EF-988C-8BE90250133E}.Release|x64.ActiveCfg = Release|Any CPU
		{47158FAD-28B5-48EF-988C-8BE90250133E}.Release|x64.Build.0 = Release|Any CPU
		{47158FAD-28B5-48EF-988C-8BE90250133E}.Release|x86.ActiveCfg = Release|Any CPU
		{47158FAD-28B5-48EF-988C-8BE90250133E}.Release|x86.Build.0 = Release|Any CPU
		{E14AF7D1-82DA-436B-9A20-D1785E9357B2}.Debug|Any CPU.ActiveCfg = Debug|Any CPU
		{E14AF7D1-82DA-436B-9A20-D1785E9357B2}.Debug|Any CPU.Build.0 = Debug|Any CPU
		{E14AF7D1-82DA-436B-9A20-D1785E9357B2}.Debug|x64.ActiveCfg = Debug|Any CPU
		{E14AF7D1-82DA-436B-9A20-D1785E9357B2}.Debug|x64.Build.0 = Debug|Any CPU
		{E14AF7D1-82DA-436B-9A20-D1785E9357B2}.Debug|x86.ActiveCfg = Debug|Any CPU
		{E14AF7D1-82DA-436B-9A20-D1785E9357B2}.Debug|x86.Build.0 = Debug|Any CPU
		{E14AF7D1-82DA-436B-9A20-D1785E9357B2}.Release|Any CPU.ActiveCfg = Release|Any CPU
		{E14AF7D1-82DA-436B-9A20-D1785E9357B2}.Release|Any CPU.Build.0 = Release|Any CPU
		{E14AF7D1-82DA-436B-9A20-D1785E9357B2}.Release|x64.ActiveCfg = Release|Any CPU
		{E14AF7D1-82DA-436B-9A20-D1785E9357B2}.Release|x64.Build.0 = Release|Any CPU
		{E14AF7D1-82DA-436B-9A20-D1785E9357B2}.Release|x86.ActiveCfg = Release|Any CPU
		{E14AF7D1-82DA-436B-9A20-D1785E9357B2}.Release|x86.Build.0 = Release|Any CPU
		{EDBD78CA-05B9-4949-AB3E-6817DAA3D38F}.Debug|Any CPU.ActiveCfg = Debug|Any CPU
		{EDBD78CA-05B9-4949-AB3E-6817DAA3D38F}.Debug|Any CPU.Build.0 = Debug|Any CPU
		{EDBD78CA-05B9-4949-AB3E-6817DAA3D38F}.Debug|x64.ActiveCfg = Debug|Any CPU
		{EDBD78CA-05B9-4949-AB3E-6817DAA3D38F}.Debug|x64.Build.0 = Debug|Any CPU
		{EDBD78CA-05B9-4949-AB3E-6817DAA3D38F}.Debug|x86.ActiveCfg = Debug|Any CPU
		{EDBD78CA-05B9-4949-AB3E-6817DAA3D38F}.Debug|x86.Build.0 = Debug|Any CPU
		{EDBD78CA-05B9-4949-AB3E-6817DAA3D38F}.Release|Any CPU.ActiveCfg = Release|Any CPU
		{EDBD78CA-05B9-4949-AB3E-6817DAA3D38F}.Release|Any CPU.Build.0 = Release|Any CPU
		{EDBD78CA-05B9-4949-AB3E-6817DAA3D38F}.Release|x64.ActiveCfg = Release|Any CPU
		{EDBD78CA-05B9-4949-AB3E-6817DAA3D38F}.Release|x64.Build.0 = Release|Any CPU
		{EDBD78CA-05B9-4949-AB3E-6817DAA3D38F}.Release|x86.ActiveCfg = Release|Any CPU
		{EDBD78CA-05B9-4949-AB3E-6817DAA3D38F}.Release|x86.Build.0 = Release|Any CPU
		{C24BA72B-BE4B-4334-AFCD-2E526B78617B}.Debug|Any CPU.ActiveCfg = Debug|Any CPU
		{C24BA72B-BE4B-4334-AFCD-2E526B78617B}.Debug|Any CPU.Build.0 = Debug|Any CPU
		{C24BA72B-BE4B-4334-AFCD-2E526B78617B}.Debug|x64.ActiveCfg = Debug|Any CPU
		{C24BA72B-BE4B-4334-AFCD-2E526B78617B}.Debug|x64.Build.0 = Debug|Any CPU
		{C24BA72B-BE4B-4334-AFCD-2E526B78617B}.Debug|x86.ActiveCfg = Debug|Any CPU
		{C24BA72B-BE4B-4334-AFCD-2E526B78617B}.Debug|x86.Build.0 = Debug|Any CPU
		{C24BA72B-BE4B-4334-AFCD-2E526B78617B}.Release|Any CPU.ActiveCfg = Release|Any CPU
		{C24BA72B-BE4B-4334-AFCD-2E526B78617B}.Release|Any CPU.Build.0 = Release|Any CPU
		{C24BA72B-BE4B-4334-AFCD-2E526B78617B}.Release|x64.ActiveCfg = Release|Any CPU
		{C24BA72B-BE4B-4334-AFCD-2E526B78617B}.Release|x64.Build.0 = Release|Any CPU
		{C24BA72B-BE4B-4334-AFCD-2E526B78617B}.Release|x86.ActiveCfg = Release|Any CPU
		{C24BA72B-BE4B-4334-AFCD-2E526B78617B}.Release|x86.Build.0 = Release|Any CPU
		{18BED514-FD71-45BA-B4F7-F5B4FEEF516D}.Debug|Any CPU.ActiveCfg = Debug|Any CPU
		{18BED514-FD71-45BA-B4F7-F5B4FEEF516D}.Debug|Any CPU.Build.0 = Debug|Any CPU
		{18BED514-FD71-45BA-B4F7-F5B4FEEF516D}.Debug|x64.ActiveCfg = Debug|Any CPU
		{18BED514-FD71-45BA-B4F7-F5B4FEEF516D}.Debug|x64.Build.0 = Debug|Any CPU
		{18BED514-FD71-45BA-B4F7-F5B4FEEF516D}.Debug|x86.ActiveCfg = Debug|Any CPU
		{18BED514-FD71-45BA-B4F7-F5B4FEEF516D}.Debug|x86.Build.0 = Debug|Any CPU
		{18BED514-FD71-45BA-B4F7-F5B4FEEF516D}.Release|Any CPU.ActiveCfg = Release|Any CPU
		{18BED514-FD71-45BA-B4F7-F5B4FEEF516D}.Release|Any CPU.Build.0 = Release|Any CPU
		{18BED514-FD71-45BA-B4F7-F5B4FEEF516D}.Release|x64.ActiveCfg = Release|Any CPU
		{18BED514-FD71-45BA-B4F7-F5B4FEEF516D}.Release|x64.Build.0 = Release|Any CPU
		{18BED514-FD71-45BA-B4F7-F5B4FEEF516D}.Release|x86.ActiveCfg = Release|Any CPU
		{18BED514-FD71-45BA-B4F7-F5B4FEEF516D}.Release|x86.Build.0 = Release|Any CPU
		{EFCB22D1-C8FD-40CD-9780-6A3BB34AB195}.Debug|Any CPU.ActiveCfg = Debug|Any CPU
		{EFCB22D1-C8FD-40CD-9780-6A3BB34AB195}.Debug|Any CPU.Build.0 = Debug|Any CPU
		{EFCB22D1-C8FD-40CD-9780-6A3BB34AB195}.Debug|x64.ActiveCfg = Debug|Any CPU
		{EFCB22D1-C8FD-40CD-9780-6A3BB34AB195}.Debug|x64.Build.0 = Debug|Any CPU
		{EFCB22D1-C8FD-40CD-9780-6A3BB34AB195}.Debug|x86.ActiveCfg = Debug|Any CPU
		{EFCB22D1-C8FD-40CD-9780-6A3BB34AB195}.Debug|x86.Build.0 = Debug|Any CPU
		{EFCB22D1-C8FD-40CD-9780-6A3BB34AB195}.Release|Any CPU.ActiveCfg = Release|Any CPU
		{EFCB22D1-C8FD-40CD-9780-6A3BB34AB195}.Release|Any CPU.Build.0 = Release|Any CPU
		{EFCB22D1-C8FD-40CD-9780-6A3BB34AB195}.Release|x64.ActiveCfg = Release|Any CPU
		{EFCB22D1-C8FD-40CD-9780-6A3BB34AB195}.Release|x64.Build.0 = Release|Any CPU
		{EFCB22D1-C8FD-40CD-9780-6A3BB34AB195}.Release|x86.ActiveCfg = Release|Any CPU
		{EFCB22D1-C8FD-40CD-9780-6A3BB34AB195}.Release|x86.Build.0 = Release|Any CPU
		{483C76F4-C38C-4F34-AB2C-9536D8759E6B}.Debug|Any CPU.ActiveCfg = Debug|Any CPU
		{483C76F4-C38C-4F34-AB2C-9536D8759E6B}.Debug|Any CPU.Build.0 = Debug|Any CPU
		{483C76F4-C38C-4F34-AB2C-9536D8759E6B}.Debug|x64.ActiveCfg = Debug|Any CPU
		{483C76F4-C38C-4F34-AB2C-9536D8759E6B}.Debug|x64.Build.0 = Debug|Any CPU
		{483C76F4-C38C-4F34-AB2C-9536D8759E6B}.Debug|x86.ActiveCfg = Debug|Any CPU
		{483C76F4-C38C-4F34-AB2C-9536D8759E6B}.Debug|x86.Build.0 = Debug|Any CPU
		{483C76F4-C38C-4F34-AB2C-9536D8759E6B}.Release|Any CPU.ActiveCfg = Release|Any CPU
		{483C76F4-C38C-4F34-AB2C-9536D8759E6B}.Release|Any CPU.Build.0 = Release|Any CPU
		{483C76F4-C38C-4F34-AB2C-9536D8759E6B}.Release|x64.ActiveCfg = Release|Any CPU
		{483C76F4-C38C-4F34-AB2C-9536D8759E6B}.Release|x64.Build.0 = Release|Any CPU
		{483C76F4-C38C-4F34-AB2C-9536D8759E6B}.Release|x86.ActiveCfg = Release|Any CPU
		{483C76F4-C38C-4F34-AB2C-9536D8759E6B}.Release|x86.Build.0 = Release|Any CPU
		{EA18A069-1C3E-4E22-97C2-C3800E9288F5}.Debug|Any CPU.ActiveCfg = Debug|Any CPU
		{EA18A069-1C3E-4E22-97C2-C3800E9288F5}.Debug|Any CPU.Build.0 = Debug|Any CPU
		{EA18A069-1C3E-4E22-97C2-C3800E9288F5}.Debug|x64.ActiveCfg = Debug|Any CPU
		{EA18A069-1C3E-4E22-97C2-C3800E9288F5}.Debug|x64.Build.0 = Debug|Any CPU
		{EA18A069-1C3E-4E22-97C2-C3800E9288F5}.Debug|x86.ActiveCfg = Debug|Any CPU
		{EA18A069-1C3E-4E22-97C2-C3800E9288F5}.Debug|x86.Build.0 = Debug|Any CPU
		{EA18A069-1C3E-4E22-97C2-C3800E9288F5}.Release|Any CPU.ActiveCfg = Release|Any CPU
		{EA18A069-1C3E-4E22-97C2-C3800E9288F5}.Release|Any CPU.Build.0 = Release|Any CPU
		{EA18A069-1C3E-4E22-97C2-C3800E9288F5}.Release|x64.ActiveCfg = Release|Any CPU
		{EA18A069-1C3E-4E22-97C2-C3800E9288F5}.Release|x64.Build.0 = Release|Any CPU
		{EA18A069-1C3E-4E22-97C2-C3800E9288F5}.Release|x86.ActiveCfg = Release|Any CPU
		{EA18A069-1C3E-4E22-97C2-C3800E9288F5}.Release|x86.Build.0 = Release|Any CPU
		{C4D8AB49-150B-4666-AD89-D5E3C7BE74F3}.Debug|Any CPU.ActiveCfg = Debug|Any CPU
		{C4D8AB49-150B-4666-AD89-D5E3C7BE74F3}.Debug|Any CPU.Build.0 = Debug|Any CPU
		{C4D8AB49-150B-4666-AD89-D5E3C7BE74F3}.Debug|x64.ActiveCfg = Debug|Any CPU
		{C4D8AB49-150B-4666-AD89-D5E3C7BE74F3}.Debug|x64.Build.0 = Debug|Any CPU
		{C4D8AB49-150B-4666-AD89-D5E3C7BE74F3}.Debug|x86.ActiveCfg = Debug|Any CPU
		{C4D8AB49-150B-4666-AD89-D5E3C7BE74F3}.Debug|x86.Build.0 = Debug|Any CPU
		{C4D8AB49-150B-4666-AD89-D5E3C7BE74F3}.Release|Any CPU.ActiveCfg = Release|Any CPU
		{C4D8AB49-150B-4666-AD89-D5E3C7BE74F3}.Release|Any CPU.Build.0 = Release|Any CPU
		{C4D8AB49-150B-4666-AD89-D5E3C7BE74F3}.Release|x64.ActiveCfg = Release|Any CPU
		{C4D8AB49-150B-4666-AD89-D5E3C7BE74F3}.Release|x64.Build.0 = Release|Any CPU
		{C4D8AB49-150B-4666-AD89-D5E3C7BE74F3}.Release|x86.ActiveCfg = Release|Any CPU
		{C4D8AB49-150B-4666-AD89-D5E3C7BE74F3}.Release|x86.Build.0 = Release|Any CPU
		{F85D9C18-CF13-47D8-A2B4-01F57A976A5A}.Debug|Any CPU.ActiveCfg = Debug|Any CPU
		{F85D9C18-CF13-47D8-A2B4-01F57A976A5A}.Debug|Any CPU.Build.0 = Debug|Any CPU
		{F85D9C18-CF13-47D8-A2B4-01F57A976A5A}.Debug|x64.ActiveCfg = Debug|Any CPU
		{F85D9C18-CF13-47D8-A2B4-01F57A976A5A}.Debug|x64.Build.0 = Debug|Any CPU
		{F85D9C18-CF13-47D8-A2B4-01F57A976A5A}.Debug|x86.ActiveCfg = Debug|Any CPU
		{F85D9C18-CF13-47D8-A2B4-01F57A976A5A}.Debug|x86.Build.0 = Debug|Any CPU
		{F85D9C18-CF13-47D8-A2B4-01F57A976A5A}.Release|Any CPU.ActiveCfg = Release|Any CPU
		{F85D9C18-CF13-47D8-A2B4-01F57A976A5A}.Release|Any CPU.Build.0 = Release|Any CPU
		{F85D9C18-CF13-47D8-A2B4-01F57A976A5A}.Release|x64.ActiveCfg = Release|Any CPU
		{F85D9C18-CF13-47D8-A2B4-01F57A976A5A}.Release|x64.Build.0 = Release|Any CPU
		{F85D9C18-CF13-47D8-A2B4-01F57A976A5A}.Release|x86.ActiveCfg = Release|Any CPU
		{F85D9C18-CF13-47D8-A2B4-01F57A976A5A}.Release|x86.Build.0 = Release|Any CPU
		{41C678CF-9B93-49E4-8921-E922115FC9A5}.Debug|Any CPU.ActiveCfg = Debug|Any CPU
		{41C678CF-9B93-49E4-8921-E922115FC9A5}.Debug|Any CPU.Build.0 = Debug|Any CPU
		{41C678CF-9B93-49E4-8921-E922115FC9A5}.Debug|x64.ActiveCfg = Debug|Any CPU
		{41C678CF-9B93-49E4-8921-E922115FC9A5}.Debug|x64.Build.0 = Debug|Any CPU
		{41C678CF-9B93-49E4-8921-E922115FC9A5}.Debug|x86.ActiveCfg = Debug|Any CPU
		{41C678CF-9B93-49E4-8921-E922115FC9A5}.Debug|x86.Build.0 = Debug|Any CPU
		{41C678CF-9B93-49E4-8921-E922115FC9A5}.Release|Any CPU.ActiveCfg = Release|Any CPU
		{41C678CF-9B93-49E4-8921-E922115FC9A5}.Release|Any CPU.Build.0 = Release|Any CPU
		{41C678CF-9B93-49E4-8921-E922115FC9A5}.Release|x64.ActiveCfg = Release|Any CPU
		{41C678CF-9B93-49E4-8921-E922115FC9A5}.Release|x64.Build.0 = Release|Any CPU
		{41C678CF-9B93-49E4-8921-E922115FC9A5}.Release|x86.ActiveCfg = Release|Any CPU
		{41C678CF-9B93-49E4-8921-E922115FC9A5}.Release|x86.Build.0 = Release|Any CPU
		{D1F2AEF3-BB73-425C-8BAB-9838A518AD63}.Debug|Any CPU.ActiveCfg = Debug|Any CPU
		{D1F2AEF3-BB73-425C-8BAB-9838A518AD63}.Debug|Any CPU.Build.0 = Debug|Any CPU
		{D1F2AEF3-BB73-425C-8BAB-9838A518AD63}.Debug|x64.ActiveCfg = Debug|Any CPU
		{D1F2AEF3-BB73-425C-8BAB-9838A518AD63}.Debug|x64.Build.0 = Debug|Any CPU
		{D1F2AEF3-BB73-425C-8BAB-9838A518AD63}.Debug|x86.ActiveCfg = Debug|Any CPU
		{D1F2AEF3-BB73-425C-8BAB-9838A518AD63}.Debug|x86.Build.0 = Debug|Any CPU
		{D1F2AEF3-BB73-425C-8BAB-9838A518AD63}.Release|Any CPU.ActiveCfg = Release|Any CPU
		{D1F2AEF3-BB73-425C-8BAB-9838A518AD63}.Release|Any CPU.Build.0 = Release|Any CPU
		{D1F2AEF3-BB73-425C-8BAB-9838A518AD63}.Release|x64.ActiveCfg = Release|Any CPU
		{D1F2AEF3-BB73-425C-8BAB-9838A518AD63}.Release|x64.Build.0 = Release|Any CPU
		{D1F2AEF3-BB73-425C-8BAB-9838A518AD63}.Release|x86.ActiveCfg = Release|Any CPU
		{D1F2AEF3-BB73-425C-8BAB-9838A518AD63}.Release|x86.Build.0 = Release|Any CPU
		{B3A5C1D2-E7F8-4091-B6C3-D2E9F0A1B4C5}.Debug|Any CPU.ActiveCfg = Debug|Any CPU
		{B3A5C1D2-E7F8-4091-B6C3-D2E9F0A1B4C5}.Debug|Any CPU.Build.0 = Debug|Any CPU
		{B3A5C1D2-E7F8-4091-B6C3-D2E9F0A1B4C5}.Debug|x64.ActiveCfg = Debug|Any CPU
		{B3A5C1D2-E7F8-4091-B6C3-D2E9F0A1B4C5}.Debug|x64.Build.0 = Debug|Any CPU
		{B3A5C1D2-E7F8-4091-B6C3-D2E9F0A1B4C5}.Debug|x86.ActiveCfg = Debug|Any CPU
		{B3A5C1D2-E7F8-4091-B6C3-D2E9F0A1B4C5}.Debug|x86.Build.0 = Debug|Any CPU
		{B3A5C1D2-E7F8-4091-B6C3-D2E9F0A1B4C5}.Release|Any CPU.ActiveCfg = Release|Any CPU
		{B3A5C1D2-E7F8-4091-B6C3-D2E9F0A1B4C5}.Release|Any CPU.Build.0 = Release|Any CPU
		{B3A5C1D2-E7F8-4091-B6C3-D2E9F0A1B4C5}.Release|x64.ActiveCfg = Release|Any CPU
		{B3A5C1D2-E7F8-4091-B6C3-D2E9F0A1B4C5}.Release|x64.Build.0 = Release|Any CPU
		{B3A5C1D2-E7F8-4091-B6C3-D2E9F0A1B4C5}.Release|x86.ActiveCfg = Release|Any CPU
		{B3A5C1D2-E7F8-4091-B6C3-D2E9F0A1B4C5}.Release|x86.Build.0 = Release|Any CPU
		{A1B2C3D4-E5F6-4789-A0B1-C2D3E4F5A6B7}.Debug|Any CPU.ActiveCfg = Debug|Any CPU
		{A1B2C3D4-E5F6-4789-A0B1-C2D3E4F5A6B7}.Debug|Any CPU.Build.0 = Debug|Any CPU
		{A1B2C3D4-E5F6-4789-A0B1-C2D3E4F5A6B7}.Debug|x64.ActiveCfg = Debug|Any CPU
		{A1B2C3D4-E5F6-4789-A0B1-C2D3E4F5A6B7}.Debug|x64.Build.0 = Debug|Any CPU
		{A1B2C3D4-E5F6-4789-A0B1-C2D3E4F5A6B7}.Debug|x86.ActiveCfg = Debug|Any CPU
		{A1B2C3D4-E5F6-4789-A0B1-C2D3E4F5A6B7}.Debug|x86.Build.0 = Debug|Any CPU
		{A1B2C3D4-E5F6-4789-A0B1-C2D3E4F5A6B7}.Release|Any CPU.ActiveCfg = Release|Any CPU
		{A1B2C3D4-E5F6-4789-A0B1-C2D3E4F5A6B7}.Release|Any CPU.Build.0 = Release|Any CPU
		{A1B2C3D4-E5F6-4789-A0B1-C2D3E4F5A6B7}.Release|x64.ActiveCfg = Release|Any CPU
		{A1B2C3D4-E5F6-4789-A0B1-C2D3E4F5A6B7}.Release|x64.Build.0 = Release|Any CPU
		{A1B2C3D4-E5F6-4789-A0B1-C2D3E4F5A6B7}.Release|x86.ActiveCfg = Release|Any CPU
		{A1B2C3D4-E5F6-4789-A0B1-C2D3E4F5A6B7}.Release|x86.Build.0 = Release|Any CPU
		{0D42B602-AC68-4913-821B-5AD92E250865}.Debug|Any CPU.ActiveCfg = Debug|Any CPU
		{0D42B602-AC68-4913-821B-5AD92E250865}.Debug|Any CPU.Build.0 = Debug|Any CPU
		{0D42B602-AC68-4913-821B-5AD92E250865}.Debug|x64.ActiveCfg = Debug|Any CPU
		{0D42B602-AC68-4913-821B-5AD92E250865}.Debug|x64.Build.0 = Debug|Any CPU
		{0D42B602-AC68-4913-821B-5AD92E250865}.Debug|x86.ActiveCfg = Debug|Any CPU
		{0D42B602-AC68-4913-821B-5AD92E250865}.Debug|x86.Build.0 = Debug|Any CPU
		{0D42B602-AC68-4913-821B-5AD92E250865}.Release|Any CPU.ActiveCfg = Release|Any CPU
		{0D42B602-AC68-4913-821B-5AD92E250865}.Release|Any CPU.Build.0 = Release|Any CPU
		{0D42B602-AC68-4913-821B-5AD92E250865}.Release|x64.ActiveCfg = Release|Any CPU
		{0D42B602-AC68-4913-821B-5AD92E250865}.Release|x64.Build.0 = Release|Any CPU
		{0D42B602-AC68-4913-821B-5AD92E250865}.Release|x86.ActiveCfg = Release|Any CPU
		{0D42B602-AC68-4913-821B-5AD92E250865}.Release|x86.Build.0 = Release|Any CPU
		{715EF3D8-377E-4F32-B900-AF989234C278}.Debug|Any CPU.ActiveCfg = Debug|Any CPU
		{715EF3D8-377E-4F32-B900-AF989234C278}.Debug|Any CPU.Build.0 = Debug|Any CPU
		{715EF3D8-377E-4F32-B900-AF989234C278}.Debug|x64.ActiveCfg = Debug|Any CPU
		{715EF3D8-377E-4F32-B900-AF989234C278}.Debug|x64.Build.0 = Debug|Any CPU
		{715EF3D8-377E-4F32-B900-AF989234C278}.Debug|x86.ActiveCfg = Debug|Any CPU
		{715EF3D8-377E-4F32-B900-AF989234C278}.Debug|x86.Build.0 = Debug|Any CPU
		{715EF3D8-377E-4F32-B900-AF989234C278}.Release|Any CPU.ActiveCfg = Release|Any CPU
		{715EF3D8-377E-4F32-B900-AF989234C278}.Release|Any CPU.Build.0 = Release|Any CPU
		{715EF3D8-377E-4F32-B900-AF989234C278}.Release|x64.ActiveCfg = Release|Any CPU
		{715EF3D8-377E-4F32-B900-AF989234C278}.Release|x64.Build.0 = Release|Any CPU
		{715EF3D8-377E-4F32-B900-AF989234C278}.Release|x86.ActiveCfg = Release|Any CPU
		{715EF3D8-377E-4F32-B900-AF989234C278}.Release|x86.Build.0 = Release|Any CPU
		{C5D6E7F8-A9B0-4C1D-8E2F-3A4B5C6D7E8F}.Debug|Any CPU.ActiveCfg = Debug|Any CPU
		{C5D6E7F8-A9B0-4C1D-8E2F-3A4B5C6D7E8F}.Debug|Any CPU.Build.0 = Debug|Any CPU
		{C5D6E7F8-A9B0-4C1D-8E2F-3A4B5C6D7E8F}.Debug|x64.ActiveCfg = Debug|Any CPU
		{C5D6E7F8-A9B0-4C1D-8E2F-3A4B5C6D7E8F}.Debug|x64.Build.0 = Debug|Any CPU
		{C5D6E7F8-A9B0-4C1D-8E2F-3A4B5C6D7E8F}.Debug|x86.ActiveCfg = Debug|Any CPU
		{C5D6E7F8-A9B0-4C1D-8E2F-3A4B5C6D7E8F}.Debug|x86.Build.0 = Debug|Any CPU
		{C5D6E7F8-A9B0-4C1D-8E2F-3A4B5C6D7E8F}.Release|Any CPU.ActiveCfg = Release|Any CPU
		{C5D6E7F8-A9B0-4C1D-8E2F-3A4B5C6D7E8F}.Release|Any CPU.Build.0 = Release|Any CPU
		{C5D6E7F8-A9B0-4C1D-8E2F-3A4B5C6D7E8F}.Release|x64.ActiveCfg = Release|Any CPU
		{C5D6E7F8-A9B0-4C1D-8E2F-3A4B5C6D7E8F}.Release|x64.Build.0 = Release|Any CPU
		{C5D6E7F8-A9B0-4C1D-8E2F-3A4B5C6D7E8F}.Release|x86.ActiveCfg = Release|Any CPU
		{C5D6E7F8-A9B0-4C1D-8E2F-3A4B5C6D7E8F}.Release|x86.Build.0 = Release|Any CPU
		{D7E8F9A0-B1C2-4D3E-9F4A-5B6C7D8E9F0A}.Debug|Any CPU.ActiveCfg = Debug|Any CPU
		{D7E8F9A0-B1C2-4D3E-9F4A-5B6C7D8E9F0A}.Debug|Any CPU.Build.0 = Debug|Any CPU
		{D7E8F9A0-B1C2-4D3E-9F4A-5B6C7D8E9F0A}.Debug|x64.ActiveCfg = Debug|Any CPU
		{D7E8F9A0-B1C2-4D3E-9F4A-5B6C7D8E9F0A}.Debug|x64.Build.0 = Debug|Any CPU
		{D7E8F9A0-B1C2-4D3E-9F4A-5B6C7D8E9F0A}.Debug|x86.ActiveCfg = Debug|Any CPU
		{D7E8F9A0-B1C2-4D3E-9F4A-5B6C7D8E9F0A}.Debug|x86.Build.0 = Debug|Any CPU
		{D7E8F9A0-B1C2-4D3E-9F4A-5B6C7D8E9F0A}.Release|Any CPU.ActiveCfg = Release|Any CPU
		{D7E8F9A0-B1C2-4D3E-9F4A-5B6C7D8E9F0A}.Release|Any CPU.Build.0 = Release|Any CPU
		{D7E8F9A0-B1C2-4D3E-9F4A-5B6C7D8E9F0A}.Release|x64.ActiveCfg = Release|Any CPU
		{D7E8F9A0-B1C2-4D3E-9F4A-5B6C7D8E9F0A}.Release|x64.Build.0 = Release|Any CPU
		{D7E8F9A0-B1C2-4D3E-9F4A-5B6C7D8E9F0A}.Release|x86.ActiveCfg = Release|Any CPU
		{D7E8F9A0-B1C2-4D3E-9F4A-5B6C7D8E9F0A}.Release|x86.Build.0 = Release|Any CPU
		{E9CAB21C-F7F9-427A-AC30-7827CB26BD79}.Debug|Any CPU.ActiveCfg = Debug|Any CPU
		{E9CAB21C-F7F9-427A-AC30-7827CB26BD79}.Debug|Any CPU.Build.0 = Debug|Any CPU
		{E9CAB21C-F7F9-427A-AC30-7827CB26BD79}.Debug|x64.ActiveCfg = Debug|Any CPU
		{E9CAB21C-F7F9-427A-AC30-7827CB26BD79}.Debug|x64.Build.0 = Debug|Any CPU
		{E9CAB21C-F7F9-427A-AC30-7827CB26BD79}.Debug|x86.ActiveCfg = Debug|Any CPU
		{E9CAB21C-F7F9-427A-AC30-7827CB26BD79}.Debug|x86.Build.0 = Debug|Any CPU
		{E9CAB21C-F7F9-427A-AC30-7827CB26BD79}.Release|Any CPU.ActiveCfg = Release|Any CPU
		{E9CAB21C-F7F9-427A-AC30-7827CB26BD79}.Release|Any CPU.Build.0 = Release|Any CPU
		{E9CAB21C-F7F9-427A-AC30-7827CB26BD79}.Release|x64.ActiveCfg = Release|Any CPU
		{E9CAB21C-F7F9-427A-AC30-7827CB26BD79}.Release|x64.Build.0 = Release|Any CPU
		{E9CAB21C-F7F9-427A-AC30-7827CB26BD79}.Release|x86.ActiveCfg = Release|Any CPU
		{E9CAB21C-F7F9-427A-AC30-7827CB26BD79}.Release|x86.Build.0 = Release|Any CPU
		{91F228FC-E648-4C1E-B0CF-B34B8DDA35E0}.Debug|Any CPU.ActiveCfg = Debug|Any CPU
		{91F228FC-E648-4C1E-B0CF-B34B8DDA35E0}.Debug|Any CPU.Build.0 = Debug|Any CPU
		{91F228FC-E648-4C1E-B0CF-B34B8DDA35E0}.Debug|x64.ActiveCfg = Debug|Any CPU
		{91F228FC-E648-4C1E-B0CF-B34B8DDA35E0}.Debug|x64.Build.0 = Debug|Any CPU
		{91F228FC-E648-4C1E-B0CF-B34B8DDA35E0}.Debug|x86.ActiveCfg = Debug|Any CPU
		{91F228FC-E648-4C1E-B0CF-B34B8DDA35E0}.Debug|x86.Build.0 = Debug|Any CPU
		{91F228FC-E648-4C1E-B0CF-B34B8DDA35E0}.Release|Any CPU.ActiveCfg = Release|Any CPU
		{91F228FC-E648-4C1E-B0CF-B34B8DDA35E0}.Release|Any CPU.Build.0 = Release|Any CPU
		{91F228FC-E648-4C1E-B0CF-B34B8DDA35E0}.Release|x64.ActiveCfg = Release|Any CPU
		{91F228FC-E648-4C1E-B0CF-B34B8DDA35E0}.Release|x64.Build.0 = Release|Any CPU
		{91F228FC-E648-4C1E-B0CF-B34B8DDA35E0}.Release|x86.ActiveCfg = Release|Any CPU
		{91F228FC-E648-4C1E-B0CF-B34B8DDA35E0}.Release|x86.Build.0 = Release|Any CPU
		{699D7FA7-9661-487C-9F05-4D8AEBAD4FFD}.Debug|Any CPU.ActiveCfg = Debug|Any CPU
		{699D7FA7-9661-487C-9F05-4D8AEBAD4FFD}.Debug|Any CPU.Build.0 = Debug|Any CPU
		{699D7FA7-9661-487C-9F05-4D8AEBAD4FFD}.Debug|x64.ActiveCfg = Debug|Any CPU
		{699D7FA7-9661-487C-9F05-4D8AEBAD4FFD}.Debug|x64.Build.0 = Debug|Any CPU
		{699D7FA7-9661-487C-9F05-4D8AEBAD4FFD}.Debug|x86.ActiveCfg = Debug|Any CPU
		{699D7FA7-9661-487C-9F05-4D8AEBAD4FFD}.Debug|x86.Build.0 = Debug|Any CPU
		{699D7FA7-9661-487C-9F05-4D8AEBAD4FFD}.Release|Any CPU.ActiveCfg = Release|Any CPU
		{699D7FA7-9661-487C-9F05-4D8AEBAD4FFD}.Release|Any CPU.Build.0 = Release|Any CPU
		{699D7FA7-9661-487C-9F05-4D8AEBAD4FFD}.Release|x64.ActiveCfg = Release|Any CPU
		{699D7FA7-9661-487C-9F05-4D8AEBAD4FFD}.Release|x64.Build.0 = Release|Any CPU
		{699D7FA7-9661-487C-9F05-4D8AEBAD4FFD}.Release|x86.ActiveCfg = Release|Any CPU
		{699D7FA7-9661-487C-9F05-4D8AEBAD4FFD}.Release|x86.Build.0 = Release|Any CPU
		{0B30BE3E-D56B-4566-850E-1777D2200575}.Debug|Any CPU.ActiveCfg = Debug|Any CPU
		{0B30BE3E-D56B-4566-850E-1777D2200575}.Debug|Any CPU.Build.0 = Debug|Any CPU
		{0B30BE3E-D56B-4566-850E-1777D2200575}.Debug|x64.ActiveCfg = Debug|Any CPU
		{0B30BE3E-D56B-4566-850E-1777D2200575}.Debug|x64.Build.0 = Debug|Any CPU
		{0B30BE3E-D56B-4566-850E-1777D2200575}.Debug|x86.ActiveCfg = Debug|Any CPU
		{0B30BE3E-D56B-4566-850E-1777D2200575}.Debug|x86.Build.0 = Debug|Any CPU
		{0B30BE3E-D56B-4566-850E-1777D2200575}.Release|Any CPU.ActiveCfg = Release|Any CPU
		{0B30BE3E-D56B-4566-850E-1777D2200575}.Release|Any CPU.Build.0 = Release|Any CPU
		{0B30BE3E-D56B-4566-850E-1777D2200575}.Release|x64.ActiveCfg = Release|Any CPU
		{0B30BE3E-D56B-4566-850E-1777D2200575}.Release|x64.Build.0 = Release|Any CPU
		{0B30BE3E-D56B-4566-850E-1777D2200575}.Release|x86.ActiveCfg = Release|Any CPU
		{0B30BE3E-D56B-4566-850E-1777D2200575}.Release|x86.Build.0 = Release|Any CPU
		{3A538314-E84C-4A14-BB2C-77C29A18B7DF}.Debug|Any CPU.ActiveCfg = Debug|Any CPU
		{3A538314-E84C-4A14-BB2C-77C29A18B7DF}.Debug|Any CPU.Build.0 = Debug|Any CPU
		{3A538314-E84C-4A14-BB2C-77C29A18B7DF}.Debug|x64.ActiveCfg = Debug|Any CPU
		{3A538314-E84C-4A14-BB2C-77C29A18B7DF}.Debug|x64.Build.0 = Debug|Any CPU
		{3A538314-E84C-4A14-BB2C-77C29A18B7DF}.Debug|x86.ActiveCfg = Debug|Any CPU
		{3A538314-E84C-4A14-BB2C-77C29A18B7DF}.Debug|x86.Build.0 = Debug|Any CPU
		{3A538314-E84C-4A14-BB2C-77C29A18B7DF}.Release|Any CPU.ActiveCfg = Release|Any CPU
		{3A538314-E84C-4A14-BB2C-77C29A18B7DF}.Release|Any CPU.Build.0 = Release|Any CPU
		{3A538314-E84C-4A14-BB2C-77C29A18B7DF}.Release|x64.ActiveCfg = Release|Any CPU
		{3A538314-E84C-4A14-BB2C-77C29A18B7DF}.Release|x64.Build.0 = Release|Any CPU
		{3A538314-E84C-4A14-BB2C-77C29A18B7DF}.Release|x86.ActiveCfg = Release|Any CPU
		{3A538314-E84C-4A14-BB2C-77C29A18B7DF}.Release|x86.Build.0 = Release|Any CPU
		{059A1125-4207-44E6-817F-26FD7606A92B}.Debug|Any CPU.ActiveCfg = Debug|Any CPU
		{059A1125-4207-44E6-817F-26FD7606A92B}.Debug|Any CPU.Build.0 = Debug|Any CPU
		{059A1125-4207-44E6-817F-26FD7606A92B}.Debug|x64.ActiveCfg = Debug|Any CPU
		{059A1125-4207-44E6-817F-26FD7606A92B}.Debug|x64.Build.0 = Debug|Any CPU
		{059A1125-4207-44E6-817F-26FD7606A92B}.Debug|x86.ActiveCfg = Debug|Any CPU
		{059A1125-4207-44E6-817F-26FD7606A92B}.Debug|x86.Build.0 = Debug|Any CPU
		{059A1125-4207-44E6-817F-26FD7606A92B}.Release|Any CPU.ActiveCfg = Release|Any CPU
		{059A1125-4207-44E6-817F-26FD7606A92B}.Release|Any CPU.Build.0 = Release|Any CPU
		{059A1125-4207-44E6-817F-26FD7606A92B}.Release|x64.ActiveCfg = Release|Any CPU
		{059A1125-4207-44E6-817F-26FD7606A92B}.Release|x64.Build.0 = Release|Any CPU
		{059A1125-4207-44E6-817F-26FD7606A92B}.Release|x86.ActiveCfg = Release|Any CPU
		{059A1125-4207-44E6-817F-26FD7606A92B}.Release|x86.Build.0 = Release|Any CPU
		{53A393D9-1443-42AB-B320-D03717900835}.Debug|Any CPU.ActiveCfg = Debug|Any CPU
		{53A393D9-1443-42AB-B320-D03717900835}.Debug|Any CPU.Build.0 = Debug|Any CPU
		{53A393D9-1443-42AB-B320-D03717900835}.Debug|x64.ActiveCfg = Debug|Any CPU
		{53A393D9-1443-42AB-B320-D03717900835}.Debug|x64.Build.0 = Debug|Any CPU
		{53A393D9-1443-42AB-B320-D03717900835}.Debug|x86.ActiveCfg = Debug|Any CPU
		{53A393D9-1443-42AB-B320-D03717900835}.Debug|x86.Build.0 = Debug|Any CPU
		{53A393D9-1443-42AB-B320-D03717900835}.Release|Any CPU.ActiveCfg = Release|Any CPU
		{53A393D9-1443-42AB-B320-D03717900835}.Release|Any CPU.Build.0 = Release|Any CPU
		{53A393D9-1443-42AB-B320-D03717900835}.Release|x64.ActiveCfg = Release|Any CPU
		{53A393D9-1443-42AB-B320-D03717900835}.Release|x64.Build.0 = Release|Any CPU
		{53A393D9-1443-42AB-B320-D03717900835}.Release|x86.ActiveCfg = Release|Any CPU
		{53A393D9-1443-42AB-B320-D03717900835}.Release|x86.Build.0 = Release|Any CPU
		{E1774034-A7C2-4C36-908B-53A7E9552A4B}.Debug|Any CPU.ActiveCfg = Debug|Any CPU
		{E1774034-A7C2-4C36-908B-53A7E9552A4B}.Debug|Any CPU.Build.0 = Debug|Any CPU
		{E1774034-A7C2-4C36-908B-53A7E9552A4B}.Debug|x64.ActiveCfg = Debug|Any CPU
		{E1774034-A7C2-4C36-908B-53A7E9552A4B}.Debug|x64.Build.0 = Debug|Any CPU
		{E1774034-A7C2-4C36-908B-53A7E9552A4B}.Debug|x86.ActiveCfg = Debug|Any CPU
		{E1774034-A7C2-4C36-908B-53A7E9552A4B}.Debug|x86.Build.0 = Debug|Any CPU
		{E1774034-A7C2-4C36-908B-53A7E9552A4B}.Release|Any CPU.ActiveCfg = Release|Any CPU
		{E1774034-A7C2-4C36-908B-53A7E9552A4B}.Release|Any CPU.Build.0 = Release|Any CPU
		{E1774034-A7C2-4C36-908B-53A7E9552A4B}.Release|x64.ActiveCfg = Release|Any CPU
		{E1774034-A7C2-4C36-908B-53A7E9552A4B}.Release|x64.Build.0 = Release|Any CPU
		{E1774034-A7C2-4C36-908B-53A7E9552A4B}.Release|x86.ActiveCfg = Release|Any CPU
		{E1774034-A7C2-4C36-908B-53A7E9552A4B}.Release|x86.Build.0 = Release|Any CPU
		{850ACC4A-D729-45FA-8A22-18850F574FAC}.Debug|Any CPU.ActiveCfg = Debug|Any CPU
		{850ACC4A-D729-45FA-8A22-18850F574FAC}.Debug|Any CPU.Build.0 = Debug|Any CPU
		{850ACC4A-D729-45FA-8A22-18850F574FAC}.Debug|x64.ActiveCfg = Debug|Any CPU
		{850ACC4A-D729-45FA-8A22-18850F574FAC}.Debug|x64.Build.0 = Debug|Any CPU
		{850ACC4A-D729-45FA-8A22-18850F574FAC}.Debug|x86.ActiveCfg = Debug|Any CPU
		{850ACC4A-D729-45FA-8A22-18850F574FAC}.Debug|x86.Build.0 = Debug|Any CPU
		{850ACC4A-D729-45FA-8A22-18850F574FAC}.Release|Any CPU.ActiveCfg = Release|Any CPU
		{850ACC4A-D729-45FA-8A22-18850F574FAC}.Release|Any CPU.Build.0 = Release|Any CPU
		{850ACC4A-D729-45FA-8A22-18850F574FAC}.Release|x64.ActiveCfg = Release|Any CPU
		{850ACC4A-D729-45FA-8A22-18850F574FAC}.Release|x64.Build.0 = Release|Any CPU
		{850ACC4A-D729-45FA-8A22-18850F574FAC}.Release|x86.ActiveCfg = Release|Any CPU
		{850ACC4A-D729-45FA-8A22-18850F574FAC}.Release|x86.Build.0 = Release|Any CPU
		{4D61BD9E-BED6-4801-A31C-984837B04B09}.Debug|Any CPU.ActiveCfg = Debug|Any CPU
		{4D61BD9E-BED6-4801-A31C-984837B04B09}.Debug|Any CPU.Build.0 = Debug|Any CPU
		{4D61BD9E-BED6-4801-A31C-984837B04B09}.Debug|x64.ActiveCfg = Debug|Any CPU
		{4D61BD9E-BED6-4801-A31C-984837B04B09}.Debug|x64.Build.0 = Debug|Any CPU
		{4D61BD9E-BED6-4801-A31C-984837B04B09}.Debug|x86.ActiveCfg = Debug|Any CPU
		{4D61BD9E-BED6-4801-A31C-984837B04B09}.Debug|x86.Build.0 = Debug|Any CPU
		{4D61BD9E-BED6-4801-A31C-984837B04B09}.Release|Any CPU.ActiveCfg = Release|Any CPU
		{4D61BD9E-BED6-4801-A31C-984837B04B09}.Release|Any CPU.Build.0 = Release|Any CPU
		{4D61BD9E-BED6-4801-A31C-984837B04B09}.Release|x64.ActiveCfg = Release|Any CPU
		{4D61BD9E-BED6-4801-A31C-984837B04B09}.Release|x64.Build.0 = Release|Any CPU
		{4D61BD9E-BED6-4801-A31C-984837B04B09}.Release|x86.ActiveCfg = Release|Any CPU
		{4D61BD9E-BED6-4801-A31C-984837B04B09}.Release|x86.Build.0 = Release|Any CPU
		{2BAD458E-43AE-4FCE-BE5B-EA2F2EC14574}.Debug|Any CPU.ActiveCfg = Debug|Any CPU
		{2BAD458E-43AE-4FCE-BE5B-EA2F2EC14574}.Debug|Any CPU.Build.0 = Debug|Any CPU
		{2BAD458E-43AE-4FCE-BE5B-EA2F2EC14574}.Debug|x64.ActiveCfg = Debug|Any CPU
		{2BAD458E-43AE-4FCE-BE5B-EA2F2EC14574}.Debug|x64.Build.0 = Debug|Any CPU
		{2BAD458E-43AE-4FCE-BE5B-EA2F2EC14574}.Debug|x86.ActiveCfg = Debug|Any CPU
		{2BAD458E-43AE-4FCE-BE5B-EA2F2EC14574}.Debug|x86.Build.0 = Debug|Any CPU
		{2BAD458E-43AE-4FCE-BE5B-EA2F2EC14574}.Release|Any CPU.ActiveCfg = Release|Any CPU
		{2BAD458E-43AE-4FCE-BE5B-EA2F2EC14574}.Release|Any CPU.Build.0 = Release|Any CPU
		{2BAD458E-43AE-4FCE-BE5B-EA2F2EC14574}.Release|x64.ActiveCfg = Release|Any CPU
		{2BAD458E-43AE-4FCE-BE5B-EA2F2EC14574}.Release|x64.Build.0 = Release|Any CPU
		{2BAD458E-43AE-4FCE-BE5B-EA2F2EC14574}.Release|x86.ActiveCfg = Release|Any CPU
		{2BAD458E-43AE-4FCE-BE5B-EA2F2EC14574}.Release|x86.Build.0 = Release|Any CPU
	EndGlobalSection
	GlobalSection(SolutionProperties) = preSolution
		HideSolutionNode = FALSE
	EndGlobalSection
	GlobalSection(NestedProjects) = preSolution
		{F269C223-32CD-4EF3-AAAB-CEA76003A12A} = {827E0CD3-B72D-47B6-A68D-7590B98EB39B}
		{D39734A6-6B33-415A-A26B-9F6AF531C67F} = {827E0CD3-B72D-47B6-A68D-7590B98EB39B}
		{A70C9775-2B02-4865-A2C5-47027B90ECB1} = {827E0CD3-B72D-47B6-A68D-7590B98EB39B}
		{6B67A0B0-9328-4D2F-B707-F2B4E3BAD9F3} = {827E0CD3-B72D-47B6-A68D-7590B98EB39B}
		{2EEDF0CC-53E5-4D9A-9A9F-4EDD2C504E33} = {827E0CD3-B72D-47B6-A68D-7590B98EB39B}
		{47158FAD-28B5-48EF-988C-8BE90250133E} = {0AB3BF05-4346-4AA6-1389-037BE0695223}
		{E14AF7D1-82DA-436B-9A20-D1785E9357B2} = {827E0CD3-B72D-47B6-A68D-7590B98EB39B}
		{EDBD78CA-05B9-4949-AB3E-6817DAA3D38F} = {827E0CD3-B72D-47B6-A68D-7590B98EB39B}
		{C24BA72B-BE4B-4334-AFCD-2E526B78617B} = {0AB3BF05-4346-4AA6-1389-037BE0695223}
		{18BED514-FD71-45BA-B4F7-F5B4FEEF516D} = {827E0CD3-B72D-47B6-A68D-7590B98EB39B}
		{EFCB22D1-C8FD-40CD-9780-6A3BB34AB195} = {827E0CD3-B72D-47B6-A68D-7590B98EB39B}
		{483C76F4-C38C-4F34-AB2C-9536D8759E6B} = {0AB3BF05-4346-4AA6-1389-037BE0695223}
		{EA18A069-1C3E-4E22-97C2-C3800E9288F5} = {827E0CD3-B72D-47B6-A68D-7590B98EB39B}
		{C4D8AB49-150B-4666-AD89-D5E3C7BE74F3} = {827E0CD3-B72D-47B6-A68D-7590B98EB39B}
		{F85D9C18-CF13-47D8-A2B4-01F57A976A5A} = {0AB3BF05-4346-4AA6-1389-037BE0695223}
		{41C678CF-9B93-49E4-8921-E922115FC9A5} = {827E0CD3-B72D-47B6-A68D-7590B98EB39B}
		{D1F2AEF3-BB73-425C-8BAB-9838A518AD63} = {0AB3BF05-4346-4AA6-1389-037BE0695223}
		{B3A5C1D2-E7F8-4091-B6C3-D2E9F0A1B4C5} = {827E0CD3-B72D-47B6-A68D-7590B98EB39B}
		{A1B2C3D4-E5F6-4789-A0B1-C2D3E4F5A6B7} = {0AB3BF05-4346-4AA6-1389-037BE0695223}
		{0D42B602-AC68-4913-821B-5AD92E250865} = {827E0CD3-B72D-47B6-A68D-7590B98EB39B}
		{715EF3D8-377E-4F32-B900-AF989234C278} = {0AB3BF05-4346-4AA6-1389-037BE0695223}
		{C5D6E7F8-A9B0-4C1D-8E2F-3A4B5C6D7E8F} = {827E0CD3-B72D-47B6-A68D-7590B98EB39B}
		{D7E8F9A0-B1C2-4D3E-9F4A-5B6C7D8E9F0A} = {0AB3BF05-4346-4AA6-1389-037BE0695223}
		{E9CAB21C-F7F9-427A-AC30-7827CB26BD79} = {827E0CD3-B72D-47B6-A68D-7590B98EB39B}
		{91F228FC-E648-4C1E-B0CF-B34B8DDA35E0} = {827E0CD3-B72D-47B6-A68D-7590B98EB39B}
		{699D7FA7-9661-487C-9F05-4D8AEBAD4FFD} = {827E0CD3-B72D-47B6-A68D-7590B98EB39B}
		{0B30BE3E-D56B-4566-850E-1777D2200575} = {827E0CD3-B72D-47B6-A68D-7590B98EB39B}
		{3A538314-E84C-4A14-BB2C-77C29A18B7DF} = {0AB3BF05-4346-4AA6-1389-037BE0695223}
		{059A1125-4207-44E6-817F-26FD7606A92B} = {827E0CD3-B72D-47B6-A68D-7590B98EB39B}
		{53A393D9-1443-42AB-B320-D03717900835} = {827E0CD3-B72D-47B6-A68D-7590B98EB39B}
		{E1774034-A7C2-4C36-908B-53A7E9552A4B} = {0AB3BF05-4346-4AA6-1389-037BE0695223}
		{850ACC4A-D729-45FA-8A22-18850F574FAC} = {827E0CD3-B72D-47B6-A68D-7590B98EB39B}
		{4D61BD9E-BED6-4801-A31C-984837B04B09} = {827E0CD3-B72D-47B6-A68D-7590B98EB39B}
		{2BAD458E-43AE-4FCE-BE5B-EA2F2EC14574} = {827E0CD3-B72D-47B6-A68D-7590B98EB39B}
	EndGlobalSection
EndGlobal
